{
  "name": "packages",
  "version": "1.0.0",
  "lockfileVersion": 1,
  "requires": true,
  "dependencies": {
    "hello-world-test-stg": {
      "version": "1.0.2",
      "resolved": "https://registry.npmjs.org/hello-world-test-stg/-/hello-world-test-stg-1.0.2.tgz",
      "integrity": "sha512-BijwT8ilRj/XkwuOoqH/JRa9XH4h2+191wOAHVxFL4DD4TWrew8RX6V3PGG1sUgc4KGtHQjazC5sp/Eamx8QjQ==",
      "dev": true
    }
  }
}
